
Microsoft Visual Studio Solution File, Format Version 12.00
# Visual Studio Version 17
VisualStudioVersion = 17.7.34031.279
MinimumVisualStudioVersion = 10.0.40219.1
Project("{888888A0-9F3D-457C-B088-3A5042F75D52}") = "D2", "D2.pyproj", "{1400DC29-CA4D-4C68-B22E-E4703A1B13C9}"
EndProject
Global
	GlobalSection(SolutionConfigurationPlatforms) = preSolution
		Debug|Any CPU = Debug|Any CPU
		Release|Any CPU = Release|Any CPU
	EndGlobalSection
	GlobalSection(ProjectConfigurationPlatforms) = postSolution
		{1400DC29-CA4D-4C68-B22E-E4703A1B13C9}.Debug|Any CPU.ActiveCfg = Debug|Any CPU
		{1400DC29-CA4D-4C68-B22E-E4703A1B13C9}.Release|Any CPU.ActiveCfg = Release|Any CPU
	EndGlobalSection
	GlobalSection(SolutionProperties) = preSolution
		HideSolutionNode = FALSE
	EndGlobalSection
	GlobalSection(ExtensibilityGlobals) = postSolution
		SolutionGuid = {7CD3CBD4-FC92-42E5-B6BD-653C16A94D77}
	EndGlobalSection
EndGlobal
